
Microsoft Visual Studio Solution File, Format Version 12.00
# Visual Studio Version 16
VisualStudioVersion = 16.0.29609.76
MinimumVisualStudioVersion = 10.0.40219.1
Project("{FAE04EC0-301F-11D3-BF4B-00C04F79EFBC}") = "SortareLocalizata", "SortareLocalizata\SortareLocalizata.csproj", "{ABFC7062-22E4-414A-84B7-D92888ED65D8}"
EndProject
Global
	GlobalSection(SolutionConfigurationPlatforms) = preSolution
		Debug|Any CPU = Debug|Any CPU
		Release|Any CPU = Release|Any CPU
	EndGlobalSection
	GlobalSection(ProjectConfigurationPlatforms) = postSolution
		{ABFC7062-22E4-414A-84B7-D92888ED65D8}.Debug|Any CPU.ActiveCfg = Debug|Any CPU
		{ABFC7062-22E4-414A-84B7-D92888ED65D8}.Debug|Any CPU.Build.0 = Debug|Any CPU
		{ABFC7062-22E4-414A-84B7-D92888ED65D8}.Release|Any CPU.ActiveCfg = Release|Any CPU
		{ABFC7062-22E4-414A-84B7-D92888ED65D8}.Release|Any CPU.Build.0 = Release|Any CPU
	EndGlobalSection
	GlobalSection(SolutionProperties) = preSolution
		HideSolutionNode = FALSE
	EndGlobalSection
	GlobalSection(ExtensibilityGlobals) = postSolution
		SolutionGuid = {98B78F38-B9C0-4AF6-9E40-C6CEC72724C5}
	EndGlobalSection
EndGlobal
