
Microsoft Visual Studio Solution File, Format Version 12.00
# Visual Studio Version 16
VisualStudioVersion = 16.0.29609.76
MinimumVisualStudioVersion = 10.0.40219.1
Project("{FAE04EC0-301F-11D3-BF4B-00C04F79EFBC}") = "MatrixClass", "MatrixClass\MatrixClass.csproj", "{F410B614-C5EF-4B43-8675-3E543DBB7A7C}"
EndProject
Global
	GlobalSection(SolutionConfigurationPlatforms) = preSolution
		Debug|Any CPU = Debug|Any CPU
		Release|Any CPU = Release|Any CPU
	EndGlobalSection
	GlobalSection(ProjectConfigurationPlatforms) = postSolution
		{F410B614-C5EF-4B43-8675-3E543DBB7A7C}.Debug|Any CPU.ActiveCfg = Debug|Any CPU
		{F410B614-C5EF-4B43-8675-3E543DBB7A7C}.Debug|Any CPU.Build.0 = Debug|Any CPU
		{F410B614-C5EF-4B43-8675-3E543DBB7A7C}.Release|Any CPU.ActiveCfg = Release|Any CPU
		{F410B614-C5EF-4B43-8675-3E543DBB7A7C}.Release|Any CPU.Build.0 = Release|Any CPU
	EndGlobalSection
	GlobalSection(SolutionProperties) = preSolution
		HideSolutionNode = FALSE
	EndGlobalSection
	GlobalSection(ExtensibilityGlobals) = postSolution
		SolutionGuid = {388F2903-FAA9-423B-ABD4-533CA20A7E65}
	EndGlobalSection
EndGlobal
